// !$*UTF8*$!
{
	archiveVersion = 1;
	classes = {
	};
	objectVersion = 56;
	objects = {

/* Begin PBXBuildFile section */
		A10000010000000000000001 /* MacIslandApp.swift in Sources */ = {isa = PBXBuildFile; fileRef = A20000010000000000000001; };
		A10000010000000000000002 /* AppDelegate.swift in Sources */ = {isa = PBXBuildFile; fileRef = A20000010000000000000002; };
		A10000010000000000000003 /* IslandWindowController.swift in Sources */ = {isa = PBXBuildFile; fileRef = A20000010000000000000003; };
		A10000010000000000000004 /* IslandView.swift in Sources */ = {isa = PBXBuildFile; fileRef = A20000010000000000000004; };
		A10000010000000000000005 /* IdleIslandView.swift in Sources */ = {isa = PBXBuildFile; fileRef = A20000010000000000000005; };
		A10000010000000000000006 /* ExpandedIslandView.swift in Sources */ = {isa = PBXBuildFile; fileRef = A20000010000000000000006; };
		A10000010000000000000007 /* WaveformView.swift in Sources */ = {isa = PBXBuildFile; fileRef = A20000010000000000000007; };
		A10000010000000000000008 /* IslandViewModel.swift in Sources */ = {isa = PBXBuildFile; fileRef = A20000010000000000000008; };
		A10000010000000000000009 /* NowPlayingService.swift in Sources */ = {isa = PBXBuildFile; fileRef = A20000010000000000000009; };
		A10000010000000000000010 /* ScreenUtility.swift in Sources */ = {isa = PBXBuildFile; fileRef = A20000010000000000000010; };
		A10000010000000000000011 /* VolumeService.swift in Sources */ = {isa = PBXBuildFile; fileRef = A20000010000000000000012; };
		A10000010000000000000012 /* BrightnessService.swift in Sources */ = {isa = PBXBuildFile; fileRef = A20000010000000000000013; };
		A10000010000000000000013 /* HotkeyService.swift in Sources */ = {isa = PBXBuildFile; fileRef = A20000010000000000000014; };
		A10000010000000000000014 /* MarqueeText.swift in Sources */ = {isa = PBXBuildFile; fileRef = A20000010000000000000015; };
		B10000010000000000000001 /* BatteryService.swift in Sources */ = {isa = PBXBuildFile; fileRef = B20000010000000000000001; };
		B10000010000000000000002 /* BluetoothBatteryService.swift in Sources */ = {isa = PBXBuildFile; fileRef = B20000010000000000000002; };
		B10000010000000000000003 /* CalendarService.swift in Sources */ = {isa = PBXBuildFile; fileRef = B20000010000000000000003; };
		B10000010000000000000004 /* FocusService.swift in Sources */ = {isa = PBXBuildFile; fileRef = B20000010000000000000004; };
		B10000010000000000000005 /* IslandContentProvider.swift in Sources */ = {isa = PBXBuildFile; fileRef = B20000010000000000000005; };
		B10000010000000000000006 /* NetworkService.swift in Sources */ = {isa = PBXBuildFile; fileRef = B20000010000000000000006; };
		B10000010000000000000007 /* NotificationService.swift in Sources */ = {isa = PBXBuildFile; fileRef = B20000010000000000000007; };
		B10000010000000000000008 /* PomodoroService.swift in Sources */ = {isa = PBXBuildFile; fileRef = B20000010000000000000008; };
		B10000010000000000000009 /* PrivacyIndicatorService.swift in Sources */ = {isa = PBXBuildFile; fileRef = B20000010000000000000009; };
		B10000010000000000000010 /* SystemStatsService.swift in Sources */ = {isa = PBXBuildFile; fileRef = B20000010000000000000010; };
		B10000010000000000000011 /* TimerService.swift in Sources */ = {isa = PBXBuildFile; fileRef = B20000010000000000000011; };
		B10000010000000000000012 /* AirPodsBatteryView.swift in Sources */ = {isa = PBXBuildFile; fileRef = B20000010000000000000012; };
		B10000010000000000000013 /* BatteryIndicatorView.swift in Sources */ = {isa = PBXBuildFile; fileRef = B20000010000000000000013; };
		B10000010000000000000014 /* CalendarCompactView.swift in Sources */ = {isa = PBXBuildFile; fileRef = B20000010000000000000014; };
		B10000010000000000000015 /* CalendarExpandedView.swift in Sources */ = {isa = PBXBuildFile; fileRef = B20000010000000000000015; };
		B10000010000000000000016 /* NotificationBubbleView.swift in Sources */ = {isa = PBXBuildFile; fileRef = B20000010000000000000016; };
		B10000010000000000000017 /* PomodoroCompactView.swift in Sources */ = {isa = PBXBuildFile; fileRef = B20000010000000000000017; };
		B10000010000000000000018 /* PomodoroExpandedView.swift in Sources */ = {isa = PBXBuildFile; fileRef = B20000010000000000000018; };
		B10000010000000000000019 /* SystemStatsView.swift in Sources */ = {isa = PBXBuildFile; fileRef = B20000010000000000000019; };
		B10000010000000000000020 /* TimerCompactView.swift in Sources */ = {isa = PBXBuildFile; fileRef = B20000010000000000000020; };
		B10000010000000000000021 /* TimerExpandedView.swift in Sources */ = {isa = PBXBuildFile; fileRef = B20000010000000000000021; };
/* End PBXBuildFile section */

/* Begin PBXFileReference section */
		A20000010000000000000001 /* MacIslandApp.swift */ = {isa = PBXFileReference; lastKnownFileType = sourcecode.swift; path = MacIslandApp.swift; sourceTree = "<group>"; };
		A20000010000000000000002 /* AppDelegate.swift */ = {isa = PBXFileReference; lastKnownFileType = sourcecode.swift; path = AppDelegate.swift; sourceTree = "<group>"; };
		A20000010000000000000003 /* IslandWindowController.swift */ = {isa = PBXFileReference; lastKnownFileType = sourcecode.swift; path = IslandWindowController.swift; sourceTree = "<group>"; };
		A20000010000000000000004 /* IslandView.swift */ = {isa = PBXFileReference; lastKnownFileType = sourcecode.swift; path = IslandView.swift; sourceTree = "<group>"; };
		A20000010000000000000005 /* IdleIslandView.swift */ = {isa = PBXFileReference; lastKnownFileType = sourcecode.swift; path = IdleIslandView.swift; sourceTree = "<group>"; };
		A20000010000000000000006 /* ExpandedIslandView.swift */ = {isa = PBXFileReference; lastKnownFileType = sourcecode.swift; path = ExpandedIslandView.swift; sourceTree = "<group>"; };
		A20000010000000000000007 /* WaveformView.swift */ = {isa = PBXFileReference; lastKnownFileType = sourcecode.swift; path = WaveformView.swift; sourceTree = "<group>"; };
		A20000010000000000000008 /* IslandViewModel.swift */ = {isa = PBXFileReference; lastKnownFileType = sourcecode.swift; path = IslandViewModel.swift; sourceTree = "<group>"; };
		A20000010000000000000009 /* NowPlayingService.swift */ = {isa = PBXFileReference; lastKnownFileType = sourcecode.swift; path = NowPlayingService.swift; sourceTree = "<group>"; };
		A20000010000000000000010 /* ScreenUtility.swift */ = {isa = PBXFileReference; lastKnownFileType = sourcecode.swift; path = ScreenUtility.swift; sourceTree = "<group>"; };
		A20000010000000000000011 /* Info.plist */ = {isa = PBXFileReference; lastKnownFileType = text.plist.xml; path = Info.plist; sourceTree = "<group>"; };
		A20000010000000000000012 /* VolumeService.swift */ = {isa = PBXFileReference; lastKnownFileType = sourcecode.swift; path = VolumeService.swift; sourceTree = "<group>"; };
		A20000010000000000000013 /* BrightnessService.swift */ = {isa = PBXFileReference; lastKnownFileType = sourcecode.swift; path = BrightnessService.swift; sourceTree = "<group>"; };
		A20000010000000000000014 /* HotkeyService.swift */ = {isa = PBXFileReference; lastKnownFileType = sourcecode.swift; path = HotkeyService.swift; sourceTree = "<group>"; };
		A20000010000000000000015 /* MarqueeText.swift */ = {isa = PBXFileReference; lastKnownFileType = sourcecode.swift; path = MarqueeText.swift; sourceTree = "<group>"; };
		A30000010000000000000001 /* MacIsland.app */ = {isa = PBXFileReference; explicitFileType = wrapper.application; includeInIndex = 0; path = MacIsland.app; sourceTree = BUILT_PRODUCTS_DIR; };
		B20000010000000000000001 /* BatteryService.swift */ = {isa = PBXFileReference; lastKnownFileType = sourcecode.swift; path = BatteryService.swift; sourceTree = "<group>"; };
		B20000010000000000000002 /* BluetoothBatteryService.swift */ = {isa = PBXFileReference; lastKnownFileType = sourcecode.swift; path = BluetoothBatteryService.swift; sourceTree = "<group>"; };
		B20000010000000000000003 /* CalendarService.swift */ = {isa = PBXFileReference; lastKnownFileType = sourcecode.swift; path = CalendarService.swift; sourceTree = "<group>"; };
		B20000010000000000000004 /* FocusService.swift */ = {isa = PBXFileReference; lastKnownFileType = sourcecode.swift; path = FocusService.swift; sourceTree = "<group>"; };
		B20000010000000000000005 /* IslandContentProvider.swift */ = {isa = PBXFileReference; lastKnownFileType = sourcecode.swift; path = IslandContentProvider.swift; sourceTree = "<group>"; };
		B20000010000000000000006 /* NetworkService.swift */ = {isa = PBXFileReference; lastKnownFileType = sourcecode.swift; path = NetworkService.swift; sourceTree = "<group>"; };
		B20000010000000000000007 /* NotificationService.swift */ = {isa = PBXFileReference; lastKnownFileType = sourcecode.swift; path = NotificationService.swift; sourceTree = "<group>"; };
		B20000010000000000000008 /* PomodoroService.swift */ = {isa = PBXFileReference; lastKnownFileType = sourcecode.swift; path = PomodoroService.swift; sourceTree = "<group>"; };
		B20000010000000000000009 /* PrivacyIndicatorService.swift */ = {isa = PBXFileReference; lastKnownFileType = sourcecode.swift; path = PrivacyIndicatorService.swift; sourceTree = "<group>"; };
		B20000010000000000000010 /* SystemStatsService.swift */ = {isa = PBXFileReference; lastKnownFileType = sourcecode.swift; path = SystemStatsService.swift; sourceTree = "<group>"; };
		B20000010000000000000011 /* TimerService.swift */ = {isa = PBXFileReference; lastKnownFileType = sourcecode.swift; path = TimerService.swift; sourceTree = "<group>"; };
		B20000010000000000000012 /* AirPodsBatteryView.swift */ = {isa = PBXFileReference; lastKnownFileType = sourcecode.swift; path = AirPodsBatteryView.swift; sourceTree = "<group>"; };
		B20000010000000000000013 /* BatteryIndicatorView.swift */ = {isa = PBXFileReference; lastKnownFileType = sourcecode.swift; path = BatteryIndicatorView.swift; sourceTree = "<group>"; };
		B20000010000000000000014 /* CalendarCompactView.swift */ = {isa = PBXFileReference; lastKnownFileType = sourcecode.swift; path = CalendarCompactView.swift; sourceTree = "<group>"; };
		B20000010000000000000015 /* CalendarExpandedView.swift */ = {isa = PBXFileReference; lastKnownFileType = sourcecode.swift; path = CalendarExpandedView.swift; sourceTree = "<group>"; };
		B20000010000000000000016 /* NotificationBubbleView.swift */ = {isa = PBXFileReference; lastKnownFileType = sourcecode.swift; path = NotificationBubbleView.swift; sourceTree = "<group>"; };
		B20000010000000000000017 /* PomodoroCompactView.swift */ = {isa = PBXFileReference; lastKnownFileType = sourcecode.swift; path = PomodoroCompactView.swift; sourceTree = "<group>"; };
		B20000010000000000000018 /* PomodoroExpandedView.swift */ = {isa = PBXFileReference; lastKnownFileType = sourcecode.swift; path = PomodoroExpandedView.swift; sourceTree = "<group>"; };
		B20000010000000000000019 /* SystemStatsView.swift */ = {isa = PBXFileReference; lastKnownFileType = sourcecode.swift; path = SystemStatsView.swift; sourceTree = "<group>"; };
		B20000010000000000000020 /* TimerCompactView.swift */ = {isa = PBXFileReference; lastKnownFileType = sourcecode.swift; path = TimerCompactView.swift; sourceTree = "<group>"; };
		B20000010000000000000021 /* TimerExpandedView.swift */ = {isa = PBXFileReference; lastKnownFileType = sourcecode.swift; path = TimerExpandedView.swift; sourceTree = "<group>"; };
/* End PBXFileReference section */

/* Begin PBXFrameworksBuildPhase section */
		A40000010000000000000001 /* Frameworks */ = {
			isa = PBXFrameworksBuildPhase;
			buildActionMask = 2147483647;
			files = (
			);
			runOnlyForDeploymentPostprocessing = 0;
		};
/* End PBXFrameworksBuildPhase section */

/* Begin PBXGroup section */
		A50000010000000000000001 /* Root */ = {
			isa = PBXGroup;
			children = (
				A50000010000000000000002 /* MacIsland */,
				A50000010000000000000007 /* Products */,
			);
			sourceTree = "<group>";
		};
		A50000010000000000000002 /* MacIsland */ = {
			isa = PBXGroup;
			children = (
				A20000010000000000000001 /* MacIslandApp.swift */,
				A20000010000000000000002 /* AppDelegate.swift */,
				A20000010000000000000011 /* Info.plist */,
				A50000010000000000000003 /* Window */,
				A50000010000000000000004 /* Views */,
				A50000010000000000000005 /* ViewModels */,
				A50000010000000000000006 /* Services */,
			);
			path = "";
			sourceTree = "<group>";
		};
		A50000010000000000000003 /* Window */ = {
			isa = PBXGroup;
			children = (
				A20000010000000000000003 /* IslandWindowController.swift */,
			);
			path = Window;
			sourceTree = "<group>";
		};
		A50000010000000000000004 /* Views */ = {
			isa = PBXGroup;
			children = (
				A20000010000000000000004 /* IslandView.swift */,
				A20000010000000000000005 /* IdleIslandView.swift */,
				A20000010000000000000006 /* ExpandedIslandView.swift */,
				A20000010000000000000007 /* WaveformView.swift */,
				A20000010000000000000015 /* MarqueeText.swift */,
				B20000010000000000000012 /* AirPodsBatteryView.swift */,
				B20000010000000000000013 /* BatteryIndicatorView.swift */,
				B20000010000000000000014 /* CalendarCompactView.swift */,
				B20000010000000000000015 /* CalendarExpandedView.swift */,
				B20000010000000000000016 /* NotificationBubbleView.swift */,
				B20000010000000000000017 /* PomodoroCompactView.swift */,
				B20000010000000000000018 /* PomodoroExpandedView.swift */,
				B20000010000000000000019 /* SystemStatsView.swift */,
				B20000010000000000000020 /* TimerCompactView.swift */,
				B20000010000000000000021 /* TimerExpandedView.swift */,
			);
			path = Views;
			sourceTree = "<group>";
		};
		A50000010000000000000005 /* ViewModels */ = {
			isa = PBXGroup;
			children = (
				A20000010000000000000008 /* IslandViewModel.swift */,
			);
			path = ViewModels;
			sourceTree = "<group>";
		};
		A50000010000000000000006 /* Services */ = {
			isa = PBXGroup;
			children = (
				A20000010000000000000009 /* NowPlayingService.swift */,
				A20000010000000000000010 /* ScreenUtility.swift */,
				A20000010000000000000012 /* VolumeService.swift */,
				A20000010000000000000013 /* BrightnessService.swift */,
				A20000010000000000000014 /* HotkeyService.swift */,
				B20000010000000000000001 /* BatteryService.swift */,
				B20000010000000000000002 /* BluetoothBatteryService.swift */,
				B20000010000000000000003 /* CalendarService.swift */,
				B20000010000000000000004 /* FocusService.swift */,
				B20000010000000000000005 /* IslandContentProvider.swift */,
				B20000010000000000000006 /* NetworkService.swift */,
				B20000010000000000000007 /* NotificationService.swift */,
				B20000010000000000000008 /* PomodoroService.swift */,
				B20000010000000000000009 /* PrivacyIndicatorService.swift */,
				B20000010000000000000010 /* SystemStatsService.swift */,
				B20000010000000000000011 /* TimerService.swift */,
			);
			path = Services;
			sourceTree = "<group>";
		};
		A50000010000000000000007 /* Products */ = {
			isa = PBXGroup;
			children = (
				A30000010000000000000001 /* MacIsland.app */,
			);
			name = Products;
			sourceTree = "<group>";
		};
/* End PBXGroup section */

/* Begin PBXNativeTarget section */
		A60000010000000000000001 /* MacIsland */ = {
			isa = PBXNativeTarget;
			buildConfigurationList = A80000010000000000000003 /* Build configuration list for PBXNativeTarget "MacIsland" */;
			buildPhases = (
				A70000010000000000000001 /* Sources */,
				A40000010000000000000001 /* Frameworks */,
			);
			buildRules = (
			);
			dependencies = (
			);
			name = MacIsland;
			productName = MacIsland;
			productReference = A30000010000000000000001 /* MacIsland.app */;
			productType = "com.apple.product-type.application";
		};
/* End PBXNativeTarget section */

/* Begin PBXProject section */
		A90000010000000000000001 /* Project object */ = {
			isa = PBXProject;
			attributes = {
				BuildIndependentTargetsInParallel = 1;
				LastSwiftUpdateCheck = 1500;
				LastUpgradeCheck = 1500;
			};
			buildConfigurationList = A80000010000000000000001 /* Build configuration list for PBXProject "MacIsland" */;
			compatibilityVersion = "Xcode 14.0";
			developmentRegion = en;
			hasScannedForEncodings = 0;
			knownRegions = (
				en,
				Base,
			);
			mainGroup = A50000010000000000000001 /* Root */;
			productRefGroup = A50000010000000000000007 /* Products */;
			projectDirPath = "";
			projectRoot = "";
			targets = (
				A60000010000000000000001 /* MacIsland */,
			);
		};
/* End PBXProject section */

/* Begin PBXSourcesBuildPhase section */
		A70000010000000000000001 /* Sources */ = {
			isa = PBXSourcesBuildPhase;
			buildActionMask = 2147483647;
			files = (
				A10000010000000000000001 /* MacIslandApp.swift in Sources */,
				A10000010000000000000002 /* AppDelegate.swift in Sources */,
				A10000010000000000000003 /* IslandWindowController.swift in Sources */,
				A10000010000000000000004 /* IslandView.swift in Sources */,
				A10000010000000000000005 /* IdleIslandView.swift in Sources */,
				A10000010000000000000006 /* ExpandedIslandView.swift in Sources */,
				A10000010000000000000007 /* WaveformView.swift in Sources */,
				A10000010000000000000008 /* IslandViewModel.swift in Sources */,
				A10000010000000000000009 /* NowPlayingService.swift in Sources */,
				A10000010000000000000010 /* ScreenUtility.swift in Sources */,
				A10000010000000000000011 /* VolumeService.swift in Sources */,
				A10000010000000000000012 /* BrightnessService.swift in Sources */,
				A10000010000000000000013 /* HotkeyService.swift in Sources */,
				A10000010000000000000014 /* MarqueeText.swift in Sources */,
				B10000010000000000000001 /* BatteryService.swift in Sources */,
				B10000010000000000000002 /* BluetoothBatteryService.swift in Sources */,
				B10000010000000000000003 /* CalendarService.swift in Sources */,
				B10000010000000000000004 /* FocusService.swift in Sources */,
				B10000010000000000000005 /* IslandContentProvider.swift in Sources */,
				B10000010000000000000006 /* NetworkService.swift in Sources */,
				B10000010000000000000007 /* NotificationService.swift in Sources */,
				B10000010000000000000008 /* PomodoroService.swift in Sources */,
				B10000010000000000000009 /* PrivacyIndicatorService.swift in Sources */,
				B10000010000000000000010 /* SystemStatsService.swift in Sources */,
				B10000010000000000000011 /* TimerService.swift in Sources */,
				B10000010000000000000012 /* AirPodsBatteryView.swift in Sources */,
				B10000010000000000000013 /* BatteryIndicatorView.swift in Sources */,
				B10000010000000000000014 /* CalendarCompactView.swift in Sources */,
				B10000010000000000000015 /* CalendarExpandedView.swift in Sources */,
				B10000010000000000000016 /* NotificationBubbleView.swift in Sources */,
				B10000010000000000000017 /* PomodoroCompactView.swift in Sources */,
				B10000010000000000000018 /* PomodoroExpandedView.swift in Sources */,
				B10000010000000000000019 /* SystemStatsView.swift in Sources */,
				B10000010000000000000020 /* TimerCompactView.swift in Sources */,
				B10000010000000000000021 /* TimerExpandedView.swift in Sources */,
			);
			runOnlyForDeploymentPostprocessing = 0;
		};
/* End PBXSourcesBuildPhase section */

/* Begin XCBuildConfiguration section */
		AA000001000000000000001 /* Debug */ = {
			isa = XCBuildConfiguration;
			buildSettings = {
				ALWAYS_SEARCH_USER_PATHS = NO;
				CLANG_ENABLE_MODULES = YES;
				CODE_SIGN_IDENTITY = "-";
				CODE_SIGN_STYLE = Automatic;
				COPY_PHASE_STRIP = NO;
				DEBUG_INFORMATION_FORMAT = dwarf;
				ENABLE_STRICT_OBJC_MSGSEND = YES;
				ENABLE_TESTABILITY = YES;
				GCC_DYNAMIC_NO_PIC = NO;
				GCC_OPTIMIZATION_LEVEL = 0;
				GCC_PREPROCESSOR_DEFINITIONS = (
					"DEBUG=1",
					"$(inherited)",
				);
				MACOSX_DEPLOYMENT_TARGET = 14.0;
				MTL_ENABLE_DEBUG_INFO = INCLUDE_SOURCE;
				ONLY_ACTIVE_ARCH = YES;
				SDKROOT = macosx;
				SWIFT_ACTIVE_COMPILATION_CONDITIONS = DEBUG;
				SWIFT_OPTIMIZATION_LEVEL = "-Onone";
			};
			name = Debug;
		};
		AA000001000000000000002 /* Release */ = {
			isa = XCBuildConfiguration;
			buildSettings = {
				ALWAYS_SEARCH_USER_PATHS = NO;
				CLANG_ENABLE_MODULES = YES;
				CODE_SIGN_IDENTITY = "-";
				CODE_SIGN_STYLE = Automatic;
				COPY_PHASE_STRIP = NO;
				DEBUG_INFORMATION_FORMAT = "dwarf-with-dsym";
				ENABLE_NS_ASSERTIONS = NO;
				ENABLE_STRICT_OBJC_MSGSEND = YES;
				GCC_OPTIMIZATION_LEVEL = s;
				MACOSX_DEPLOYMENT_TARGET = 14.0;
				MTL_ENABLE_DEBUG_INFO = NO;
				SDKROOT = macosx;
				SWIFT_COMPILATION_MODE = wholemodule;
				SWIFT_OPTIMIZATION_LEVEL = "-O";
			};
			name = Release;
		};
		AB000001000000000000001 /* Debug */ = {
			isa = XCBuildConfiguration;
			buildSettings = {
				ASSETCATALOG_COMPILER_APPICON_NAME = AppIcon;
				COMBINE_HIDPI_IMAGES = YES;
				CURRENT_PROJECT_VERSION = 1;
				GENERATE_INFOPLIST_FILE = NO;
				INFOPLIST_FILE = Info.plist;
				INFOPLIST_KEY_NSHumanReadableCopyright = "Copyright 2025 MacIsland";
				LD_RUNPATH_SEARCH_PATHS = (
					"$(inherited)",
					"@executable_path/../Frameworks",
				);
				MARKETING_VERSION = 1.0.0;
				PRODUCT_BUNDLE_IDENTIFIER = com.macisland.app;
				PRODUCT_NAME = "$(TARGET_NAME)";
				SWIFT_EMIT_LOC_STRINGS = YES;
				SWIFT_VERSION = 5.0;
			};
			name = Debug;
		};
		AB000001000000000000002 /* Release */ = {
			isa = XCBuildConfiguration;
			buildSettings = {
				ASSETCATALOG_COMPILER_APPICON_NAME = AppIcon;
				COMBINE_HIDPI_IMAGES = YES;
				CURRENT_PROJECT_VERSION = 1;
				GENERATE_INFOPLIST_FILE = NO;
				INFOPLIST_FILE = Info.plist;
				INFOPLIST_KEY_NSHumanReadableCopyright = "Copyright 2025 MacIsland";
				LD_RUNPATH_SEARCH_PATHS = (
					"$(inherited)",
					"@executable_path/../Frameworks",
				);
				MARKETING_VERSION = 1.0.0;
				PRODUCT_BUNDLE_IDENTIFIER = com.macisland.app;
				PRODUCT_NAME = "$(TARGET_NAME)";
				SWIFT_EMIT_LOC_STRINGS = YES;
				SWIFT_VERSION = 5.0;
			};
			name = Release;
		};
/* End XCBuildConfiguration section */

/* Begin XCConfigurationList section */
		A80000010000000000000001 /* Build configuration list for PBXProject "MacIsland" */ = {
			isa = XCConfigurationList;
			buildConfigurations = (
				AA000001000000000000001 /* Debug */,
				AA000001000000000000002 /* Release */,
			);
			defaultConfigurationIsVisible = 0;
			defaultConfigurationName = Release;
		};
		A80000010000000000000003 /* Build configuration list for PBXNativeTarget "MacIsland" */ = {
			isa = XCConfigurationList;
			buildConfigurations = (
				AB000001000000000000001 /* Debug */,
				AB000001000000000000002 /* Release */,
			);
			defaultConfigurationIsVisible = 0;
			defaultConfigurationName = Release;
		};
/* End XCConfigurationList section */

	};
	rootObject = A90000010000000000000001 /* Project object */;
}
